
Microsoft Visual Studio Solution File, Format Version 12.00
# Visual Studio Version 17
VisualStudioVersion = 17.14.36518.9 d17.14
MinimumVisualStudioVersion = 10.0.40219.1
Project("{FAE04EC0-301F-11D3-BF4B-00C04F79EFBC}") = "MVVM_project", "MVVM_project.csproj", "{00135EA5-C47F-4906-A8AD-D8F2E38EBE1D}"
EndProject
Global
	GlobalSection(SolutionConfigurationPlatforms) = preSolution
		Debug|Any CPU = Debug|Any CPU
		Release|Any CPU = Release|Any CPU
	EndGlobalSection
	GlobalSection(ProjectConfigurationPlatforms) = postSolution
		{00135EA5-C47F-4906-A8AD-D8F2E38EBE1D}.Debug|Any CPU.ActiveCfg = Debug|Any CPU
		{00135EA5-C47F-4906-A8AD-D8F2E38EBE1D}.Debug|Any CPU.Build.0 = Debug|Any CPU
		{00135EA5-C47F-4906-A8AD-D8F2E38EBE1D}.Release|Any CPU.ActiveCfg = Release|Any CPU
		{00135EA5-C47F-4906-A8AD-D8F2E38EBE1D}.Release|Any CPU.Build.0 = Release|Any CPU
	EndGlobalSection
	GlobalSection(SolutionProperties) = preSolution
		HideSolutionNode = FALSE
	EndGlobalSection
	GlobalSection(ExtensibilityGlobals) = postSolution
		SolutionGuid = {B1A80A4F-985E-4577-9306-9FCF70BDC751}
	EndGlobalSection
EndGlobal
